// !$*UTF8*$!
{
	archiveVersion = 1;
	classes = {
	};
	objectVersion = 50;
	objects = {

/* Begin PBXBuildFile section */
		8251890C212FFBF400ED1A60 /* AppDelegate.swift in Sources */ = {isa = PBXBuildFile; fileRef = 8251890B212FFBF400ED1A60 /* AppDelegate.swift */; };
		8251890E212FFBF400ED1A60 /* ViewController.swift in Sources */ = {isa = PBXBuildFile; fileRef = 8251890D212FFBF400ED1A60 /* ViewController.swift */; };
		82518911212FFBF400ED1A60 /* Main.storyboard in Resources */ = {isa = PBXBuildFile; fileRef = 8251890F212FFBF400ED1A60 /* Main.storyboard */; };
		82518913212FFBF500ED1A60 /* Assets.xcassets in Resources */ = {isa = PBXBuildFile; fileRef = 82518912212FFBF500ED1A60 /* Assets.xcassets */; };
		82518916212FFBF500ED1A60 /* LaunchScreen.storyboard in Resources */ = {isa = PBXBuildFile; fileRef = 82518914212FFBF500ED1A60 /* LaunchScreen.storyboard */; };
		82518921212FFBF600ED1A60 /* GithubAppTests.swift in Sources */ = {isa = PBXBuildFile; fileRef = 82518920212FFBF600ED1A60 /* GithubAppTests.swift */; };
		8251892C212FFBF600ED1A60 /* GithubAppUITests.swift in Sources */ = {isa = PBXBuildFile; fileRef = 8251892B212FFBF600ED1A60 /* GithubAppUITests.swift */; };
/* End PBXBuildFile section */

/* Begin PBXContainerItemProxy section */
		8251891D212FFBF600ED1A60 /* PBXContainerItemProxy */ = {
			isa = PBXContainerItemProxy;
			containerPortal = 82518900212FFBF300ED1A60 /* Project object */;
			proxyType = 1;
			remoteGlobalIDString = 82518907212FFBF300ED1A60;
			remoteInfo = GithubApp;
		};
		82518928212FFBF600ED1A60 /* PBXContainerItemProxy */ = {
			isa = PBXContainerItemProxy;
			containerPortal = 82518900212FFBF300ED1A60 /* Project object */;
			proxyType = 1;
			remoteGlobalIDString = 82518907212FFBF300ED1A60;
			remoteInfo = GithubApp;
		};
/* End PBXContainerItemProxy section */

/* Begin PBXFileReference section */
		82518908212FFBF300ED1A60 /* GithubApp.app */ = {isa = PBXFileReference; explicitFileType = wrapper.application; includeInIndex = 0; path = GithubApp.app; sourceTree = BUILT_PRODUCTS_DIR; };
		8251890B212FFBF400ED1A60 /* AppDelegate.swift */ = {isa = PBXFileReference; lastKnownFileType = sourcecode.swift; path = AppDelegate.swift; sourceTree = "<group>"; };
		8251890D212FFBF400ED1A60 /* ViewController.swift */ = {isa = PBXFileReference; lastKnownFileType = sourcecode.swift; path = ViewController.swift; sourceTree = "<group>"; };
		82518910212FFBF400ED1A60 /* Base */ = {isa = PBXFileReference; lastKnownFileType = file.storyboard; name = Base; path = Base.lproj/Main.storyboard; sourceTree = "<group>"; };
		82518912212FFBF500ED1A60 /* Assets.xcassets */ = {isa = PBXFileReference; lastKnownFileType = folder.assetcatalog; path = Assets.xcassets; sourceTree = "<group>"; };
		82518915212FFBF500ED1A60 /* Base */ = {isa = PBXFileReference; lastKnownFileType = file.storyboard; name = Base; path = Base.lproj/LaunchScreen.storyboard; sourceTree = "<group>"; };
		82518917212FFBF500ED1A60 /* Info.plist */ = {isa = PBXFileReference; lastKnownFileType = text.plist.xml; path = Info.plist; sourceTree = "<group>"; };
		8251891C212FFBF600ED1A60 /* GithubAppTests.xctest */ = {isa = PBXFileReference; explicitFileType = wrapper.cfbundle; includeInIndex = 0; path = GithubAppTests.xctest; sourceTree = BUILT_PRODUCTS_DIR; };
		82518920212FFBF600ED1A60 /* GithubAppTests.swift */ = {isa = PBXFileReference; lastKnownFileType = sourcecode.swift; path = GithubAppTests.swift; sourceTree = "<group>"; };
		82518922212FFBF600ED1A60 /* Info.plist */ = {isa = PBXFileReference; lastKnownFileType = text.plist.xml; path = Info.plist; sourceTree = "<group>"; };
		82518927212FFBF600ED1A60 /* GithubAppUITests.xctest */ = {isa = PBXFileReference; explicitFileType = wrapper.cfbundle; includeInIndex = 0; path = GithubAppUITests.xctest; sourceTree = BUILT_PRODUCTS_DIR; };
		8251892B212FFBF600ED1A60 /* GithubAppUITests.swift */ = {isa = PBXFileReference; lastKnownFileType = sourcecode.swift; path = GithubAppUITests.swift; sourceTree = "<group>"; };
		8251892D212FFBF600ED1A60 /* Info.plist */ = {isa = PBXFileReference; lastKnownFileType = text.plist.xml; path = Info.plist; sourceTree = "<group>"; };
/* End PBXFileReference section */

/* Begin PBXFrameworksBuildPhase section */
		82518905212FFBF300ED1A60 /* Frameworks */ = {
			isa = PBXFrameworksBuildPhase;
			buildActionMask = 2147483647;
			files = (
			);
			runOnlyForDeploymentPostprocessing = 0;
		};
		82518919212FFBF600ED1A60 /* Frameworks */ = {
			isa = PBXFrameworksBuildPhase;
			buildActionMask = 2147483647;
			files = (
			);
			runOnlyForDeploymentPostprocessing = 0;
		};
		82518924212FFBF600ED1A60 /* Frameworks */ = {
			isa = PBXFrameworksBuildPhase;
			buildActionMask = 2147483647;
			files = (
			);
			runOnlyForDeploymentPostprocessing = 0;
		};
/* End PBXFrameworksBuildPhase section */

/* Begin PBXGroup section */
		825188FF212FFBF300ED1A60 = {
			isa = PBXGroup;
			children = (
				8251890A212FFBF400ED1A60 /* GithubApp */,
				8251891F212FFBF600ED1A60 /* GithubAppTests */,
				8251892A212FFBF600ED1A60 /* GithubAppUITests */,
				82518909212FFBF300ED1A60 /* Products */,
			);
			sourceTree = "<group>";
		};
		82518909212FFBF300ED1A60 /* Products */ = {
			isa = PBXGroup;
			children = (
				82518908212FFBF300ED1A60 /* GithubApp.app */,
				8251891C212FFBF600ED1A60 /* GithubAppTests.xctest */,
				82518927212FFBF600ED1A60 /* GithubAppUITests.xctest */,
			);
			name = Products;
			sourceTree = "<group>";
		};
		8251890A212FFBF400ED1A60 /* GithubApp */ = {
			isa = PBXGroup;
			children = (
				8251890B212FFBF400ED1A60 /* AppDelegate.swift */,
				8251890D212FFBF400ED1A60 /* ViewController.swift */,
				8251890F212FFBF400ED1A60 /* Main.storyboard */,
				82518912212FFBF500ED1A60 /* Assets.xcassets */,
				82518914212FFBF500ED1A60 /* LaunchScreen.storyboard */,
				82518917212FFBF500ED1A60 /* Info.plist */,
			);
			path = GithubApp;
			sourceTree = "<group>";
		};
		8251891F212FFBF600ED1A60 /* GithubAppTests */ = {
			isa = PBXGroup;
			children = (
				82518920212FFBF600ED1A60 /* GithubAppTests.swift */,
				82518922212FFBF600ED1A60 /* Info.plist */,
			);
			path = GithubAppTests;
			sourceTree = "<group>";
		};
		8251892A212FFBF600ED1A60 /* GithubAppUITests */ = {
			isa = PBXGroup;
			children = (
				8251892B212FFBF600ED1A60 /* GithubAppUITests.swift */,
				8251892D212FFBF600ED1A60 /* Info.plist */,
			);
			path = GithubAppUITests;
			sourceTree = "<group>";
		};
/* End PBXGroup section */

/* Begin PBXNativeTarget section */
		82518907212FFBF300ED1A60 /* GithubApp */ = {
			isa = PBXNativeTarget;
			buildConfigurationList = 82518930212FFBF600ED1A60 /* Build configuration list for PBXNativeTarget "GithubApp" */;
			buildPhases = (
				82518904212FFBF300ED1A60 /* Sources */,
				82518905212FFBF300ED1A60 /* Frameworks */,
				82518906212FFBF300ED1A60 /* Resources */,
			);
			buildRules = (
			);
			dependencies = (
			);
			name = GithubApp;
			productName = GithubApp;
			productReference = 82518908212FFBF300ED1A60 /* GithubApp.app */;
			productType = "com.apple.product-type.application";
		};
		8251891B212FFBF600ED1A60 /* GithubAppTests */ = {
			isa = PBXNativeTarget;
			buildConfigurationList = 82518933212FFBF600ED1A60 /* Build configuration list for PBXNativeTarget "GithubAppTests" */;
			buildPhases = (
				82518918212FFBF600ED1A60 /* Sources */,
				82518919212FFBF600ED1A60 /* Frameworks */,
				8251891A212FFBF600ED1A60 /* Resources */,
			);
			buildRules = (
			);
			dependencies = (
				8251891E212FFBF600ED1A60 /* PBXTargetDependency */,
			);
			name = GithubAppTests;
			productName = GithubAppTests;
			productReference = 8251891C212FFBF600ED1A60 /* GithubAppTests.xctest */;
			productType = "com.apple.product-type.bundle.unit-test";
		};
		82518926212FFBF600ED1A60 /* GithubAppUITests */ = {
			isa = PBXNativeTarget;
			buildConfigurationList = 82518936212FFBF600ED1A60 /* Build configuration list for PBXNativeTarget "GithubAppUITests" */;
			buildPhases = (
				82518923212FFBF600ED1A60 /* Sources */,
				82518924212FFBF600ED1A60 /* Frameworks */,
				82518925212FFBF600ED1A60 /* Resources */,
			);
			buildRules = (
			);
			dependencies = (
				82518929212FFBF600ED1A60 /* PBXTargetDependency */,
			);
			name = GithubAppUITests;
			productName = GithubAppUITests;
			productReference = 82518927212FFBF600ED1A60 /* GithubAppUITests.xctest */;
			productType = "com.apple.product-type.bundle.ui-testing";
		};
/* End PBXNativeTarget section */

/* Begin PBXProject section */
		82518900212FFBF300ED1A60 /* Project object */ = {
			isa = PBXProject;
			attributes = {
				LastSwiftUpdateCheck = 0940;
				LastUpgradeCheck = 0940;
				ORGANIZATIONNAME = "Vien Vu";
				TargetAttributes = {
					82518907212FFBF300ED1A60 = {
						CreatedOnToolsVersion = 9.4.1;
					};
					8251891B212FFBF600ED1A60 = {
						CreatedOnToolsVersion = 9.4.1;
						TestTargetID = 82518907212FFBF300ED1A60;
					};
					82518926212FFBF600ED1A60 = {
						CreatedOnToolsVersion = 9.4.1;
						TestTargetID = 82518907212FFBF300ED1A60;
					};
				};
			};
			buildConfigurationList = 82518903212FFBF300ED1A60 /* Build configuration list for PBXProject "GithubApp" */;
			compatibilityVersion = "Xcode 9.3";
			developmentRegion = en;
			hasScannedForEncodings = 0;
			knownRegions = (
				en,
				Base,
			);
			mainGroup = 825188FF212FFBF300ED1A60;
			productRefGroup = 82518909212FFBF300ED1A60 /* Products */;
			projectDirPath = "";
			projectRoot = "";
			targets = (
				82518907212FFBF300ED1A60 /* GithubApp */,
				8251891B212FFBF600ED1A60 /* GithubAppTests */,
				82518926212FFBF600ED1A60 /* GithubAppUITests */,
			);
		};
/* End PBXProject section */

/* Begin PBXResourcesBuildPhase section */
		82518906212FFBF300ED1A60 /* Resources */ = {
			isa = PBXResourcesBuildPhase;
			buildActionMask = 2147483647;
			files = (
				82518916212FFBF500ED1A60 /* LaunchScreen.storyboard in Resources */,
				82518913212FFBF500ED1A60 /* Assets.xcassets in Resources */,
				82518911212FFBF400ED1A60 /* Main.storyboard in Resources */,
			);
			runOnlyForDeploymentPostprocessing = 0;
		};
		8251891A212FFBF600ED1A60 /* Resources */ = {
			isa = PBXResourcesBuildPhase;
			buildActionMask = 2147483647;
			files = (
			);
			runOnlyForDeploymentPostprocessing = 0;
		};
		82518925212FFBF600ED1A60 /* Resources */ = {
			isa = PBXResourcesBuildPhase;
			buildActionMask = 2147483647;
			files = (
			);
			runOnlyForDeploymentPostprocessing = 0;
		};
/* End PBXResourcesBuildPhase section */

/* Begin PBXSourcesBuildPhase section */
		82518904212FFBF300ED1A60 /* Sources */ = {
			isa = PBXSourcesBuildPhase;
			buildActionMask = 2147483647;
			files = (
				8251890E212FFBF400ED1A60 /* ViewController.swift in Sources */,
				8251890C212FFBF400ED1A60 /* AppDelegate.swift in Sources */,
			);
			runOnlyForDeploymentPostprocessing = 0;
		};
		82518918212FFBF600ED1A60 /* Sources */ = {
			isa = PBXSourcesBuildPhase;
			buildActionMask = 2147483647;
			files = (
				82518921212FFBF600ED1A60 /* GithubAppTests.swift in Sources */,
			);
			runOnlyForDeploymentPostprocessing = 0;
		};
		82518923212FFBF600ED1A60 /* Sources */ = {
			isa = PBXSourcesBuildPhase;
			buildActionMask = 2147483647;
			files = (
				8251892C212FFBF600ED1A60 /* GithubAppUITests.swift in Sources */,
			);
			runOnlyForDeploymentPostprocessing = 0;
		};
/* End PBXSourcesBuildPhase section */

/* Begin PBXTargetDependency section */
		8251891E212FFBF600ED1A60 /* PBXTargetDependency */ = {
			isa = PBXTargetDependency;
			target = 82518907212FFBF300ED1A60 /* GithubApp */;
			targetProxy = 8251891D212FFBF600ED1A60 /* PBXContainerItemProxy */;
		};
		82518929212FFBF600ED1A60 /* PBXTargetDependency */ = {
			isa = PBXTargetDependency;
			target = 82518907212FFBF300ED1A60 /* GithubApp */;
			targetProxy = 82518928212FFBF600ED1A60 /* PBXContainerItemProxy */;
		};
/* End PBXTargetDependency section */

/* Begin PBXVariantGroup section */
		8251890F212FFBF400ED1A60 /* Main.storyboard */ = {
			isa = PBXVariantGroup;
			children = (
				82518910212FFBF400ED1A60 /* Base */,
			);
			name = Main.storyboard;
			sourceTree = "<group>";
		};
		82518914212FFBF500ED1A60 /* LaunchScreen.storyboard */ = {
			isa = PBXVariantGroup;
			children = (
				82518915212FFBF500ED1A60 /* Base */,
			);
			name = LaunchScreen.storyboard;
			sourceTree = "<group>";
		};
/* End PBXVariantGroup section */

/* Begin XCBuildConfiguration section */
		8251892E212FFBF600ED1A60 /* Debug */ = {
			isa = XCBuildConfiguration;
			buildSettings = {
				ALWAYS_SEARCH_USER_PATHS = NO;
				CLANG_ANALYZER_NONNULL = YES;
				CLANG_ANALYZER_NUMBER_OBJECT_CONVERSION = YES_AGGRESSIVE;
				CLANG_CXX_LANGUAGE_STANDARD = "gnu++14";
				CLANG_CXX_LIBRARY = "libc++";
				CLANG_ENABLE_MODULES = YES;
				CLANG_ENABLE_OBJC_ARC = YES;
				CLANG_ENABLE_OBJC_WEAK = YES;
				CLANG_WARN_BLOCK_CAPTURE_AUTORELEASING = YES;
				CLANG_WARN_BOOL_CONVERSION = YES;
				CLANG_WARN_COMMA = YES;
				CLANG_WARN_CONSTANT_CONVERSION = YES;
				CLANG_WARN_DEPRECATED_OBJC_IMPLEMENTATIONS = YES;
				CLANG_WARN_DIRECT_OBJC_ISA_USAGE = YES_ERROR;
				CLANG_WARN_DOCUMENTATION_COMMENTS = YES;
				CLANG_WARN_EMPTY_BODY = YES;
				CLANG_WARN_ENUM_CONVERSION = YES;
				CLANG_WARN_INFINITE_RECURSION = YES;
				CLANG_WARN_INT_CONVERSION = YES;
				CLANG_WARN_NON_LITERAL_NULL_CONVERSION = YES;
				CLANG_WARN_OBJC_IMPLICIT_RETAIN_SELF = YES;
				CLANG_WARN_OBJC_LITERAL_CONVERSION = YES;
				CLANG_WARN_OBJC_ROOT_CLASS = YES_ERROR;
				CLANG_WARN_RANGE_LOOP_ANALYSIS = YES;
				CLANG_WARN_STRICT_PROTOTYPES = YES;
				CLANG_WARN_SUSPICIOUS_MOVE = YES;
				CLANG_WARN_UNGUARDED_AVAILABILITY = YES_AGGRESSIVE;
				CLANG_WARN_UNREACHABLE_CODE = YES;
				CLANG_WARN__DUPLICATE_METHOD_MATCH = YES;
				CODE_SIGN_IDENTITY = "iPhone Developer";
				COPY_PHASE_STRIP = NO;
				DEBUG_INFORMATION_FORMAT = dwarf;
				ENABLE_STRICT_OBJC_MSGSEND = YES;
				ENABLE_TESTABILITY = YES;
				GCC_C_LANGUAGE_STANDARD = gnu11;
				GCC_DYNAMIC_NO_PIC = NO;
				GCC_NO_COMMON_BLOCKS = YES;
				GCC_OPTIMIZATION_LEVEL = 0;
				GCC_PREPROCESSOR_DEFINITIONS = (
					"DEBUG=1",
					"$(inherited)",
				);
				GCC_WARN_64_TO_32_BIT_CONVERSION = YES;
				GCC_WARN_ABOUT_RETURN_TYPE = YES_ERROR;
				GCC_WARN_UNDECLARED_SELECTOR = YES;
				GCC_WARN_UNINITIALIZED_AUTOS = YES_AGGRESSIVE;
				GCC_WARN_UNUSED_FUNCTION = YES;
				GCC_WARN_UNUSED_VARIABLE = YES;
				IPHONEOS_DEPLOYMENT_TARGET = 11.4;
				MTL_ENABLE_DEBUG_INFO = YES;
				ONLY_ACTIVE_ARCH = YES;
				SDKROOT = iphoneos;
				SWIFT_ACTIVE_COMPILATION_CONDITIONS = DEBUG;
				SWIFT_OPTIMIZATION_LEVEL = "-Onone";
			};
			name = Debug;
		};
		8251892F212FFBF600ED1A60 /* Release */ = {
			isa = XCBuildConfiguration;
			buildSettings = {
				ALWAYS_SEARCH_USER_PATHS = NO;
				CLANG_ANALYZER_NONNULL = YES;
				CLANG_ANALYZER_NUMBER_OBJECT_CONVERSION = YES_AGGRESSIVE;
				CLANG_CXX_LANGUAGE_STANDARD = "gnu++14";
				CLANG_CXX_LIBRARY = "libc++";
				CLANG_ENABLE_MODULES = YES;
				CLANG_ENABLE_OBJC_ARC = YES;
				CLANG_ENABLE_OBJC_WEAK = YES;
				CLANG_WARN_BLOCK_CAPTURE_AUTORELEASING = YES;
				CLANG_WARN_BOOL_CONVERSION = YES;
				CLANG_WARN_COMMA = YES;
				CLANG_WARN_CONSTANT_CONVERSION = YES;
				CLANG_WARN_DEPRECATED_OBJC_IMPLEMENTATIONS = YES;
				CLANG_WARN_DIRECT_OBJC_ISA_USAGE = YES_ERROR;
				CLANG_WARN_DOCUMENTATION_COMMENTS = YES;
				CLANG_WARN_EMPTY_BODY = YES;
				CLANG_WARN_ENUM_CONVERSION = YES;
				CLANG_WARN_INFINITE_RECURSION = YES;
				CLANG_WARN_INT_CONVERSION = YES;
				CLANG_WARN_NON_LITERAL_NULL_CONVERSION = YES;
				CLANG_WARN_OBJC_IMPLICIT_RETAIN_SELF = YES;
				CLANG_WARN_OBJC_LITERAL_CONVERSION = YES;
				CLANG_WARN_OBJC_ROOT_CLASS = YES_ERROR;
				CLANG_WARN_RANGE_LOOP_ANALYSIS = YES;
				CLANG_WARN_STRICT_PROTOTYPES = YES;
				CLANG_WARN_SUSPICIOUS_MOVE = YES;
				CLANG_WARN_UNGUARDED_AVAILABILITY = YES_AGGRESSIVE;
				CLANG_WARN_UNREACHABLE_CODE = YES;
				CLANG_WARN__DUPLICATE_METHOD_MATCH = YES;
				CODE_SIGN_IDENTITY = "iPhone Developer";
				COPY_PHASE_STRIP = NO;
				DEBUG_INFORMATION_FORMAT = "dwarf-with-dsym";
				ENABLE_NS_ASSERTIONS = NO;
				ENABLE_STRICT_OBJC_MSGSEND = YES;
				GCC_C_LANGUAGE_STANDARD = gnu11;
				GCC_NO_COMMON_BLOCKS = YES;
				GCC_WARN_64_TO_32_BIT_CONVERSION = YES;
				GCC_WARN_ABOUT_RETURN_TYPE = YES_ERROR;
				GCC_WARN_UNDECLARED_SELECTOR = YES;
				GCC_WARN_UNINITIALIZED_AUTOS = YES_AGGRESSIVE;
				GCC_WARN_UNUSED_FUNCTION = YES;
				GCC_WARN_UNUSED_VARIABLE = YES;
				IPHONEOS_DEPLOYMENT_TARGET = 11.4;
				MTL_ENABLE_DEBUG_INFO = NO;
				SDKROOT = iphoneos;
				SWIFT_COMPILATION_MODE = wholemodule;
				SWIFT_OPTIMIZATION_LEVEL = "-O";
				VALIDATE_PRODUCT = YES;
			};
			name = Release;
		};
		82518931212FFBF600ED1A60 /* Debug */ = {
			isa = XCBuildConfiguration;
			buildSettings = {
				ASSETCATALOG_COMPILER_APPICON_NAME = AppIcon;
				CODE_SIGN_STYLE = Automatic;
				DEVELOPMENT_TEAM = 3PJR37WJ8F;
				INFOPLIST_FILE = GithubApp/Info.plist;
				LD_RUNPATH_SEARCH_PATHS = (
					"$(inherited)",
					"@executable_path/Frameworks",
				);
				PRODUCT_BUNDLE_IDENTIFIER = "vien-vu.GithubApp";
				PRODUCT_NAME = "$(TARGET_NAME)";
				SWIFT_VERSION = 4.0;
				TARGETED_DEVICE_FAMILY = "1,2";
			};
			name = Debug;
		};
		82518932212FFBF600ED1A60 /* Release */ = {
			isa = XCBuildConfiguration;
			buildSettings = {
				ASSETCATALOG_COMPILER_APPICON_NAME = AppIcon;
				CODE_SIGN_STYLE = Automatic;
				DEVELOPMENT_TEAM = 3PJR37WJ8F;
				INFOPLIST_FILE = GithubApp/Info.plist;
				LD_RUNPATH_SEARCH_PATHS = (
					"$(inherited)",
					"@executable_path/Frameworks",
				);
				PRODUCT_BUNDLE_IDENTIFIER = "vien-vu.GithubApp";
				PRODUCT_NAME = "$(TARGET_NAME)";
				SWIFT_VERSION = 4.0;
				TARGETED_DEVICE_FAMILY = "1,2";
			};
			name = Release;
		};
		82518934212FFBF600ED1A60 /* Debug */ = {
			isa = XCBuildConfiguration;
			buildSettings = {
				ALWAYS_EMBED_SWIFT_STANDARD_LIBRARIES = YES;
				BUNDLE_LOADER = "$(TEST_HOST)";
				CODE_SIGN_STYLE = Automatic;
				DEVELOPMENT_TEAM = 3PJR37WJ8F;
				INFOPLIST_FILE = GithubAppTests/Info.plist;
				LD_RUNPATH_SEARCH_PATHS = (
					"$(inherited)",
					"@executable_path/Frameworks",
					"@loader_path/Frameworks",
				);
				PRODUCT_BUNDLE_IDENTIFIER = "vien-vu.GithubAppTests";
				PRODUCT_NAME = "$(TARGET_NAME)";
				SWIFT_VERSION = 4.0;
				TARGETED_DEVICE_FAMILY = "1,2";
				TEST_HOST = "$(BUILT_PRODUCTS_DIR)/GithubApp.app/GithubApp";
			};
			name = Debug;
		};
		82518935212FFBF600ED1A60 /* Release */ = {
			isa = XCBuildConfiguration;
			buildSettings = {
				ALWAYS_EMBED_SWIFT_STANDARD_LIBRARIES = YES;
				BUNDLE_LOADER = "$(TEST_HOST)";
				CODE_SIGN_STYLE = Automatic;
				DEVELOPMENT_TEAM = 3PJR37WJ8F;
				INFOPLIST_FILE = GithubAppTests/Info.plist;
				LD_RUNPATH_SEARCH_PATHS = (
					"$(inherited)",
					"@executable_path/Frameworks",
					"@loader_path/Frameworks",
				);
				PRODUCT_BUNDLE_IDENTIFIER = "vien-vu.GithubAppTests";
				PRODUCT_NAME = "$(TARGET_NAME)";
				SWIFT_VERSION = 4.0;
				TARGETED_DEVICE_FAMILY = "1,2";
				TEST_HOST = "$(BUILT_PRODUCTS_DIR)/GithubApp.app/GithubApp";
			};
			name = Release;
		};
		82518937212FFBF600ED1A60 /* Debug */ = {
			isa = XCBuildConfiguration;
			buildSettings = {
				ALWAYS_EMBED_SWIFT_STANDARD_LIBRARIES = YES;
				CODE_SIGN_STYLE = Automatic;
				DEVELOPMENT_TEAM = 3PJR37WJ8F;
				INFOPLIST_FILE = GithubAppUITests/Info.plist;
				LD_RUNPATH_SEARCH_PATHS = (
					"$(inherited)",
					"@executable_path/Frameworks",
					"@loader_path/Frameworks",
				);
				PRODUCT_BUNDLE_IDENTIFIER = "vien-vu.GithubAppUITests";
				PRODUCT_NAME = "$(TARGET_NAME)";
				SWIFT_VERSION = 4.0;
				TARGETED_DEVICE_FAMILY = "1,2";
				TEST_TARGET_NAME = GithubApp;
			};
			name = Debug;
		};
		82518938212FFBF600ED1A60 /* Release */ = {
			isa = XCBuildConfiguration;
			buildSettings = {
				ALWAYS_EMBED_SWIFT_STANDARD_LIBRARIES = YES;
				CODE_SIGN_STYLE = Automatic;
				DEVELOPMENT_TEAM = 3PJR37WJ8F;
				INFOPLIST_FILE = GithubAppUITests/Info.plist;
				LD_RUNPATH_SEARCH_PATHS = (
					"$(inherited)",
					"@executable_path/Frameworks",
					"@loader_path/Frameworks",
				);
				PRODUCT_BUNDLE_IDENTIFIER = "vien-vu.GithubAppUITests";
				PRODUCT_NAME = "$(TARGET_NAME)";
				SWIFT_VERSION = 4.0;
				TARGETED_DEVICE_FAMILY = "1,2";
				TEST_TARGET_NAME = GithubApp;
			};
			name = Release;
		};
/* End XCBuildConfiguration section */

/* Begin XCConfigurationList section */
		82518903212FFBF300ED1A60 /* Build configuration list for PBXProject "GithubApp" */ = {
			isa = XCConfigurationList;
			buildConfigurations = (
				8251892E212FFBF600ED1A60 /* Debug */,
				8251892F212FFBF600ED1A60 /* Release */,
			);
			defaultConfigurationIsVisible = 0;
			defaultConfigurationName = Release;
		};
		82518930212FFBF600ED1A60 /* Build configuration list for PBXNativeTarget "GithubApp" */ = {
			isa = XCConfigurationList;
			buildConfigurations = (
				82518931212FFBF600ED1A60 /* Debug */,
				82518932212FFBF600ED1A60 /* Release */,
			);
			defaultConfigurationIsVisible = 0;
			defaultConfigurationName = Release;
		};
		82518933212FFBF600ED1A60 /* Build configuration list for PBXNativeTarget "GithubAppTests" */ = {
			isa = XCConfigurationList;
			buildConfigurations = (
				82518934212FFBF600ED1A60 /* Debug */,
				82518935212FFBF600ED1A60 /* Release */,
			);
			defaultConfigurationIsVisible = 0;
			defaultConfigurationName = Release;
		};
		82518936212FFBF600ED1A60 /* Build configuration list for PBXNativeTarget "GithubAppUITests" */ = {
			isa = XCConfigurationList;
			buildConfigurations = (
				82518937212FFBF600ED1A60 /* Debug */,
				82518938212FFBF600ED1A60 /* Release */,
			);
			defaultConfigurationIsVisible = 0;
			defaultConfigurationName = Release;
		};
/* End XCConfigurationList section */
	};
	rootObject = 82518900212FFBF300ED1A60 /* Project object */;
}
